
Microsoft Visual Studio Solution File, Format Version 12.00
# Visual Studio Version 16
VisualStudioVersion = 16.0.28803.156
MinimumVisualStudioVersion = 10.0.40219.1
Project("{8BC9CEB8-8B4A-11D0-8D11-00A0C91BC942}") = "函數", "cproj\cproj.vcxproj", "{0AF0674E-1A2D-442F-AA9D-1D98D5DA3D94}"
EndProject
Project("{8BC9CEB8-8B4A-11D0-8D11-00A0C91BC942}") = "數組", "陣列\陣列.vcxproj", "{7F49A80A-1019-4409-B756-DD61975B6B0A}"
EndProject
Project("{8BC9CEB8-8B4A-11D0-8D11-00A0C91BC942}") = "指針", "指針\指針.vcxproj", "{A97118A9-DC1A-4AF2-8EE6-3CC65C3DED8B}"
EndProject
Project("{8BC9CEB8-8B4A-11D0-8D11-00A0C91BC942}") = "dll_test", "dll_test\dll_test.vcxproj", "{446B8191-AB2A-4B5A-BDB3-6CEA60E74B9D}"
EndProject
Project("{8BC9CEB8-8B4A-11D0-8D11-00A0C91BC942}") = "指針函數", "指針函數\指針函數.vcxproj", "{59B548D7-4F5A-4CD2-A148-9632B484B13D}"
EndProject
Project("{8BC9CEB8-8B4A-11D0-8D11-00A0C91BC942}") = "結構體-字串", "字串\字串.vcxproj", "{15284E1C-9D8A-4246-8407-DC147DE5CEDF}"
EndProject
Project("{8BC9CEB8-8B4A-11D0-8D11-00A0C91BC942}") = "字串", "字串II\字串II.vcxproj", "{679F4DA6-AD8B-43B1-9B40-0694C86B5C34}"
EndProject
Project("{8BC9CEB8-8B4A-11D0-8D11-00A0C91BC942}") = "結構體", "結構體\結構體.vcxproj", "{AF248333-E73F-4335-BAE2-1C2887B4CF10}"
EndProject
Project("{8BC9CEB8-8B4A-11D0-8D11-00A0C91BC942}") = "共用體", "共用體\共用體.vcxproj", "{BF9C9EB7-C56C-4BB8-B008-46C6E878DCC6}"
EndProject
Project("{8BC9CEB8-8B4A-11D0-8D11-00A0C91BC942}") = "位運算", "位運算\位運算.vcxproj", "{6B468ABF-55D1-47F3-9B8E-90D92B1DCF80}"
EndProject
Project("{8BC9CEB8-8B4A-11D0-8D11-00A0C91BC942}") = "文件處理", "文件處理\文件處理.vcxproj", "{A9304B4C-58E4-4921-B601-6D6D2A8BAFCA}"
EndProject
Project("{8BC9CEB8-8B4A-11D0-8D11-00A0C91BC942}") = "多線程", "多線程\多線程.vcxproj", "{8F5C6DC1-D993-4EFF-9AEA-773006780B9B}"
EndProject
Project("{8BC9CEB8-8B4A-11D0-8D11-00A0C91BC942}") = "算法", "算法\算法.vcxproj", "{39597DD5-6649-489C-8FF1-B1D35A3B2BAC}"
EndProject
Project("{8BC9CEB8-8B4A-11D0-8D11-00A0C91BC942}") = "CH4_函數與程式結構", "CH4_函數與程式結構\CH4_函數與程式結構.vcxproj", "{1B846C2E-BBF7-4152-968F-F6F812DE9DCA}"
EndProject
Project("{8BC9CEB8-8B4A-11D0-8D11-00A0C91BC942}") = "習題", "習題\習題.vcxproj", "{44D7B627-7CB6-4CB3-87F7-CB4AEB05E9DC}"
EndProject
Project("{8BC9CEB8-8B4A-11D0-8D11-00A0C91BC942}") = "遞歸", "遞歸\遞歸.vcxproj", "{8FD48222-B24B-420C-B53C-0F0AFBC5D295}"
EndProject
Project("{8BC9CEB8-8B4A-11D0-8D11-00A0C91BC942}") = "巨集macro", "巨集macro\巨集macro.vcxproj", "{139A4FFC-7550-4F0B-8342-49AB508EB8C3}"
EndProject
Project("{8BC9CEB8-8B4A-11D0-8D11-00A0C91BC942}") = "CH5_利用指針排序字符陣列", "CH5_利用指針排序字符陣列\CH5_利用指針排序字符陣列.vcxproj", "{E276AEDD-1541-46F7-9D4F-7467F1C954A7}"
EndProject
Project("{8BC9CEB8-8B4A-11D0-8D11-00A0C91BC942}") = "動態內存", "動態內存\動態內存.vcxproj", "{D6DC8E38-79E1-44C3-B357-8E5E6E991753}"
EndProject
Project("{8BC9CEB8-8B4A-11D0-8D11-00A0C91BC942}") = "指針數組", "指針數組\指針數組.vcxproj", "{7224F6F1-6AC6-4CF0-B2D6-6946C9CF97CC}"
EndProject
Project("{8BC9CEB8-8B4A-11D0-8D11-00A0C91BC942}") = "memcpy and memset", "memcpy and memset\memcpy and memset.vcxproj", "{2750274A-75CD-4E49-9221-D3E6E0C8542E}"
EndProject
Project("{8BC9CEB8-8B4A-11D0-8D11-00A0C91BC942}") = "temp", "temp\temp.vcxproj", "{88F16DEA-6DD0-49C6-B838-BEC3EF934564}"
EndProject
Project("{8BC9CEB8-8B4A-11D0-8D11-00A0C91BC942}") = "結構體增刪查改", "結構體增刪查改\結構體增刪查改.vcxproj", "{0F14D185-AA35-41B4-A1F6-1A01F75D625C}"
EndProject
Project("{8BC9CEB8-8B4A-11D0-8D11-00A0C91BC942}") = "彙編", "彙編\彙編.vcxproj", "{EACBA9FC-639E-45B6-B348-5DD945094EB8}"
EndProject
Project("{8BC9CEB8-8B4A-11D0-8D11-00A0C91BC942}") = "寬字符", "寬字符\寬字符.vcxproj", "{30DC00C8-7B13-434E-B0A2-6664E7ECCFA2}"
EndProject
Project("{8BC9CEB8-8B4A-11D0-8D11-00A0C91BC942}") = "彙編-PE", "彙編-PE\彙編-PE.vcxproj", "{F39B0813-C3FD-4ED3-9A38-6C9A66A1EC3D}"
EndProject
Project("{8BC9CEB8-8B4A-11D0-8D11-00A0C91BC942}") = "字符壓縮", "字符壓縮\字符壓縮.vcxproj", "{382C34E3-E83E-45EB-9AC2-5AC7BA6B53E0}"
EndProject
Project("{8BC9CEB8-8B4A-11D0-8D11-00A0C91BC942}") = "lambda表達式", "lambda表達式\lambda表達式.vcxproj", "{2913990F-F7B8-49A5-AF59-57356B8CB153}"
EndProject
Project("{8BC9CEB8-8B4A-11D0-8D11-00A0C91BC942}") = "結構體數組", "結構體數組\結構體數組.vcxproj", "{DD25C524-25FC-45C8-80EB-95670FDBF4A5}"
EndProject
Project("{8BC9CEB8-8B4A-11D0-8D11-00A0C91BC942}") = "庫中庫的內聚與耦合", "庫中庫的內聚與耦合\庫中庫的內聚與耦合.vcxproj", "{FF6F3749-3BFF-4487-96C8-3612B41BA3ED}"
EndProject
Project("{8BC9CEB8-8B4A-11D0-8D11-00A0C91BC942}") = "數據的管理-增刪查改線性存儲", "數據結構\數據結構.vcxproj", "{BEC25793-F261-4CB1-B37D-598A6C5DFC24}"
EndProject
Project("{8BC9CEB8-8B4A-11D0-8D11-00A0C91BC942}") = "數據的管理-鏈表", "數據的管理-鏈表\數據的管理-鏈表.vcxproj", "{385A80E8-2181-488D-877B-F073F40E70FC}"
EndProject
Project("{8BC9CEB8-8B4A-11D0-8D11-00A0C91BC942}") = "字串二", "C:\Users\kontai\Source\Repos\字串二\字串二\字串二.vcxproj", "{ECB526DE-95EB-4854-8C0D-892D02C242FE}"
EndProject
Project("{8BC9CEB8-8B4A-11D0-8D11-00A0C91BC942}") = "數組指針", "數組指針\數組指針.vcxproj", "{8DDD0D49-48B7-41D8-B34D-7EEB1BEF8643}"
EndProject
Project("{8BC9CEB8-8B4A-11D0-8D11-00A0C91BC942}") = "結構體作業", "結構體作業\結構體作業.vcxproj", "{A056AA1B-2C2B-4740-BE73-3B5A410F510E}"
EndProject
Global
	GlobalSection(SolutionConfigurationPlatforms) = preSolution
		Debug|Any CPU = Debug|Any CPU
		Debug|x64 = Debug|x64
		Debug|x86 = Debug|x86
		Release|Any CPU = Release|Any CPU
		Release|x64 = Release|x64
		Release|x86 = Release|x86
	EndGlobalSection
	GlobalSection(ProjectConfigurationPlatforms) = postSolution
		{0AF0674E-1A2D-442F-AA9D-1D98D5DA3D94}.Debug|Any CPU.ActiveCfg = Debug|Win32
		{0AF0674E-1A2D-442F-AA9D-1D98D5DA3D94}.Debug|x64.ActiveCfg = Debug|x64
		{0AF0674E-1A2D-442F-AA9D-1D98D5DA3D94}.Debug|x64.Build.0 = Debug|x64
		{0AF0674E-1A2D-442F-AA9D-1D98D5DA3D94}.Debug|x86.ActiveCfg = Debug|Win32
		{0AF0674E-1A2D-442F-AA9D-1D98D5DA3D94}.Debug|x86.Build.0 = Debug|Win32
		{0AF0674E-1A2D-442F-AA9D-1D98D5DA3D94}.Release|Any CPU.ActiveCfg = Release|Win32
		{0AF0674E-1A2D-442F-AA9D-1D98D5DA3D94}.Release|x64.ActiveCfg = Release|x64
		{0AF0674E-1A2D-442F-AA9D-1D98D5DA3D94}.Release|x64.Build.0 = Release|x64
		{0AF0674E-1A2D-442F-AA9D-1D98D5DA3D94}.Release|x86.ActiveCfg = Release|Win32
		{0AF0674E-1A2D-442F-AA9D-1D98D5DA3D94}.Release|x86.Build.0 = Release|Win32
		{7F49A80A-1019-4409-B756-DD61975B6B0A}.Debug|Any CPU.ActiveCfg = Debug|Win32
		{7F49A80A-1019-4409-B756-DD61975B6B0A}.Debug|x64.ActiveCfg = Debug|x64
		{7F49A80A-1019-4409-B756-DD61975B6B0A}.Debug|x64.Build.0 = Debug|x64
		{7F49A80A-1019-4409-B756-DD61975B6B0A}.Debug|x86.ActiveCfg = Debug|Win32
		{7F49A80A-1019-4409-B756-DD61975B6B0A}.Debug|x86.Build.0 = Debug|Win32
		{7F49A80A-1019-4409-B756-DD61975B6B0A}.Release|Any CPU.ActiveCfg = Release|Win32
		{7F49A80A-1019-4409-B756-DD61975B6B0A}.Release|x64.ActiveCfg = Release|x64
		{7F49A80A-1019-4409-B756-DD61975B6B0A}.Release|x64.Build.0 = Release|x64
		{7F49A80A-1019-4409-B756-DD61975B6B0A}.Release|x86.ActiveCfg = Release|Win32
		{7F49A80A-1019-4409-B756-DD61975B6B0A}.Release|x86.Build.0 = Release|Win32
		{A97118A9-DC1A-4AF2-8EE6-3CC65C3DED8B}.Debug|Any CPU.ActiveCfg = Debug|Win32
		{A97118A9-DC1A-4AF2-8EE6-3CC65C3DED8B}.Debug|x64.ActiveCfg = Debug|x64
		{A97118A9-DC1A-4AF2-8EE6-3CC65C3DED8B}.Debug|x64.Build.0 = Debug|x64
		{A97118A9-DC1A-4AF2-8EE6-3CC65C3DED8B}.Debug|x86.ActiveCfg = Debug|Win32
		{A97118A9-DC1A-4AF2-8EE6-3CC65C3DED8B}.Debug|x86.Build.0 = Debug|Win32
		{A97118A9-DC1A-4AF2-8EE6-3CC65C3DED8B}.Release|Any CPU.ActiveCfg = Release|Win32
		{A97118A9-DC1A-4AF2-8EE6-3CC65C3DED8B}.Release|x64.ActiveCfg = Release|x64
		{A97118A9-DC1A-4AF2-8EE6-3CC65C3DED8B}.Release|x64.Build.0 = Release|x64
		{A97118A9-DC1A-4AF2-8EE6-3CC65C3DED8B}.Release|x86.ActiveCfg = Release|Win32
		{A97118A9-DC1A-4AF2-8EE6-3CC65C3DED8B}.Release|x86.Build.0 = Release|Win32
		{446B8191-AB2A-4B5A-BDB3-6CEA60E74B9D}.Debug|Any CPU.ActiveCfg = Debug|Win32
		{446B8191-AB2A-4B5A-BDB3-6CEA60E74B9D}.Debug|x64.ActiveCfg = Debug|x64
		{446B8191-AB2A-4B5A-BDB3-6CEA60E74B9D}.Debug|x64.Build.0 = Debug|x64
		{446B8191-AB2A-4B5A-BDB3-6CEA60E74B9D}.Debug|x86.ActiveCfg = Debug|Win32
		{446B8191-AB2A-4B5A-BDB3-6CEA60E74B9D}.Debug|x86.Build.0 = Debug|Win32
		{446B8191-AB2A-4B5A-BDB3-6CEA60E74B9D}.Release|Any CPU.ActiveCfg = Release|Win32
		{446B8191-AB2A-4B5A-BDB3-6CEA60E74B9D}.Release|x64.ActiveCfg = Release|x64
		{446B8191-AB2A-4B5A-BDB3-6CEA60E74B9D}.Release|x64.Build.0 = Release|x64
		{446B8191-AB2A-4B5A-BDB3-6CEA60E74B9D}.Release|x86.ActiveCfg = Release|Win32
		{446B8191-AB2A-4B5A-BDB3-6CEA60E74B9D}.Release|x86.Build.0 = Release|Win32
		{59B548D7-4F5A-4CD2-A148-9632B484B13D}.Debug|Any CPU.ActiveCfg = Debug|Win32
		{59B548D7-4F5A-4CD2-A148-9632B484B13D}.Debug|x64.ActiveCfg = Debug|x64
		{59B548D7-4F5A-4CD2-A148-9632B484B13D}.Debug|x64.Build.0 = Debug|x64
		{59B548D7-4F5A-4CD2-A148-9632B484B13D}.Debug|x86.ActiveCfg = Debug|Win32
		{59B548D7-4F5A-4CD2-A148-9632B484B13D}.Debug|x86.Build.0 = Debug|Win32
		{59B548D7-4F5A-4CD2-A148-9632B484B13D}.Release|Any CPU.ActiveCfg = Release|Win32
		{59B548D7-4F5A-4CD2-A148-9632B484B13D}.Release|x64.ActiveCfg = Release|x64
		{59B548D7-4F5A-4CD2-A148-9632B484B13D}.Release|x64.Build.0 = Release|x64
		{59B548D7-4F5A-4CD2-A148-9632B484B13D}.Release|x86.ActiveCfg = Release|Win32
		{59B548D7-4F5A-4CD2-A148-9632B484B13D}.Release|x86.Build.0 = Release|Win32
		{15284E1C-9D8A-4246-8407-DC147DE5CEDF}.Debug|Any CPU.ActiveCfg = Debug|Win32
		{15284E1C-9D8A-4246-8407-DC147DE5CEDF}.Debug|x64.ActiveCfg = Debug|x64
		{15284E1C-9D8A-4246-8407-DC147DE5CEDF}.Debug|x64.Build.0 = Debug|x64
		{15284E1C-9D8A-4246-8407-DC147DE5CEDF}.Debug|x86.ActiveCfg = Debug|Win32
		{15284E1C-9D8A-4246-8407-DC147DE5CEDF}.Debug|x86.Build.0 = Debug|Win32
		{15284E1C-9D8A-4246-8407-DC147DE5CEDF}.Release|Any CPU.ActiveCfg = Release|Win32
		{15284E1C-9D8A-4246-8407-DC147DE5CEDF}.Release|x64.ActiveCfg = Release|x64
		{15284E1C-9D8A-4246-8407-DC147DE5CEDF}.Release|x64.Build.0 = Release|x64
		{15284E1C-9D8A-4246-8407-DC147DE5CEDF}.Release|x86.ActiveCfg = Release|Win32
		{15284E1C-9D8A-4246-8407-DC147DE5CEDF}.Release|x86.Build.0 = Release|Win32
		{679F4DA6-AD8B-43B1-9B40-0694C86B5C34}.Debug|Any CPU.ActiveCfg = Debug|Win32
		{679F4DA6-AD8B-43B1-9B40-0694C86B5C34}.Debug|x64.ActiveCfg = Debug|x64
		{679F4DA6-AD8B-43B1-9B40-0694C86B5C34}.Debug|x64.Build.0 = Debug|x64
		{679F4DA6-AD8B-43B1-9B40-0694C86B5C34}.Debug|x86.ActiveCfg = Debug|Win32
		{679F4DA6-AD8B-43B1-9B40-0694C86B5C34}.Debug|x86.Build.0 = Debug|Win32
		{679F4DA6-AD8B-43B1-9B40-0694C86B5C34}.Release|Any CPU.ActiveCfg = Release|Win32
		{679F4DA6-AD8B-43B1-9B40-0694C86B5C34}.Release|x64.ActiveCfg = Release|x64
		{679F4DA6-AD8B-43B1-9B40-0694C86B5C34}.Release|x64.Build.0 = Release|x64
		{679F4DA6-AD8B-43B1-9B40-0694C86B5C34}.Release|x86.ActiveCfg = Release|Win32
		{679F4DA6-AD8B-43B1-9B40-0694C86B5C34}.Release|x86.Build.0 = Release|Win32
		{AF248333-E73F-4335-BAE2-1C2887B4CF10}.Debug|Any CPU.ActiveCfg = Debug|Win32
		{AF248333-E73F-4335-BAE2-1C2887B4CF10}.Debug|x64.ActiveCfg = Debug|x64
		{AF248333-E73F-4335-BAE2-1C2887B4CF10}.Debug|x64.Build.0 = Debug|x64
		{AF248333-E73F-4335-BAE2-1C2887B4CF10}.Debug|x86.ActiveCfg = Debug|Win32
		{AF248333-E73F-4335-BAE2-1C2887B4CF10}.Debug|x86.Build.0 = Debug|Win32
		{AF248333-E73F-4335-BAE2-1C2887B4CF10}.Release|Any CPU.ActiveCfg = Release|Win32
		{AF248333-E73F-4335-BAE2-1C2887B4CF10}.Release|x64.ActiveCfg = Release|x64
		{AF248333-E73F-4335-BAE2-1C2887B4CF10}.Release|x64.Build.0 = Release|x64
		{AF248333-E73F-4335-BAE2-1C2887B4CF10}.Release|x86.ActiveCfg = Release|Win32
		{AF248333-E73F-4335-BAE2-1C2887B4CF10}.Release|x86.Build.0 = Release|Win32
		{BF9C9EB7-C56C-4BB8-B008-46C6E878DCC6}.Debug|Any CPU.ActiveCfg = Debug|Win32
		{BF9C9EB7-C56C-4BB8-B008-46C6E878DCC6}.Debug|x64.ActiveCfg = Debug|x64
		{BF9C9EB7-C56C-4BB8-B008-46C6E878DCC6}.Debug|x64.Build.0 = Debug|x64
		{BF9C9EB7-C56C-4BB8-B008-46C6E878DCC6}.Debug|x86.ActiveCfg = Debug|Win32
		{BF9C9EB7-C56C-4BB8-B008-46C6E878DCC6}.Debug|x86.Build.0 = Debug|Win32
		{BF9C9EB7-C56C-4BB8-B008-46C6E878DCC6}.Release|Any CPU.ActiveCfg = Release|Win32
		{BF9C9EB7-C56C-4BB8-B008-46C6E878DCC6}.Release|x64.ActiveCfg = Release|x64
		{BF9C9EB7-C56C-4BB8-B008-46C6E878DCC6}.Release|x64.Build.0 = Release|x64
		{BF9C9EB7-C56C-4BB8-B008-46C6E878DCC6}.Release|x86.ActiveCfg = Release|Win32
		{BF9C9EB7-C56C-4BB8-B008-46C6E878DCC6}.Release|x86.Build.0 = Release|Win32
		{6B468ABF-55D1-47F3-9B8E-90D92B1DCF80}.Debug|Any CPU.ActiveCfg = Debug|Win32
		{6B468ABF-55D1-47F3-9B8E-90D92B1DCF80}.Debug|x64.ActiveCfg = Debug|x64
		{6B468ABF-55D1-47F3-9B8E-90D92B1DCF80}.Debug|x64.Build.0 = Debug|x64
		{6B468ABF-55D1-47F3-9B8E-90D92B1DCF80}.Debug|x86.ActiveCfg = Debug|Win32
		{6B468ABF-55D1-47F3-9B8E-90D92B1DCF80}.Debug|x86.Build.0 = Debug|Win32
		{6B468ABF-55D1-47F3-9B8E-90D92B1DCF80}.Release|Any CPU.ActiveCfg = Release|Win32
		{6B468ABF-55D1-47F3-9B8E-90D92B1DCF80}.Release|x64.ActiveCfg = Release|x64
		{6B468ABF-55D1-47F3-9B8E-90D92B1DCF80}.Release|x64.Build.0 = Release|x64
		{6B468ABF-55D1-47F3-9B8E-90D92B1DCF80}.Release|x86.ActiveCfg = Release|Win32
		{6B468ABF-55D1-47F3-9B8E-90D92B1DCF80}.Release|x86.Build.0 = Release|Win32
		{A9304B4C-58E4-4921-B601-6D6D2A8BAFCA}.Debug|Any CPU.ActiveCfg = Debug|Win32
		{A9304B4C-58E4-4921-B601-6D6D2A8BAFCA}.Debug|x64.ActiveCfg = Debug|x64
		{A9304B4C-58E4-4921-B601-6D6D2A8BAFCA}.Debug|x64.Build.0 = Debug|x64
		{A9304B4C-58E4-4921-B601-6D6D2A8BAFCA}.Debug|x86.ActiveCfg = Debug|Win32
		{A9304B4C-58E4-4921-B601-6D6D2A8BAFCA}.Debug|x86.Build.0 = Debug|Win32
		{A9304B4C-58E4-4921-B601-6D6D2A8BAFCA}.Release|Any CPU.ActiveCfg = Release|Win32
		{A9304B4C-58E4-4921-B601-6D6D2A8BAFCA}.Release|x64.ActiveCfg = Release|x64
		{A9304B4C-58E4-4921-B601-6D6D2A8BAFCA}.Release|x64.Build.0 = Release|x64
		{A9304B4C-58E4-4921-B601-6D6D2A8BAFCA}.Release|x86.ActiveCfg = Release|Win32
		{A9304B4C-58E4-4921-B601-6D6D2A8BAFCA}.Release|x86.Build.0 = Release|Win32
		{8F5C6DC1-D993-4EFF-9AEA-773006780B9B}.Debug|Any CPU.ActiveCfg = Debug|Win32
		{8F5C6DC1-D993-4EFF-9AEA-773006780B9B}.Debug|x64.ActiveCfg = Debug|x64
		{8F5C6DC1-D993-4EFF-9AEA-773006780B9B}.Debug|x64.Build.0 = Debug|x64
		{8F5C6DC1-D993-4EFF-9AEA-773006780B9B}.Debug|x86.ActiveCfg = Debug|Win32
		{8F5C6DC1-D993-4EFF-9AEA-773006780B9B}.Debug|x86.Build.0 = Debug|Win32
		{8F5C6DC1-D993-4EFF-9AEA-773006780B9B}.Release|Any CPU.ActiveCfg = Release|Win32
		{8F5C6DC1-D993-4EFF-9AEA-773006780B9B}.Release|x64.ActiveCfg = Release|x64
		{8F5C6DC1-D993-4EFF-9AEA-773006780B9B}.Release|x64.Build.0 = Release|x64
		{8F5C6DC1-D993-4EFF-9AEA-773006780B9B}.Release|x86.ActiveCfg = Release|Win32
		{8F5C6DC1-D993-4EFF-9AEA-773006780B9B}.Release|x86.Build.0 = Release|Win32
		{39597DD5-6649-489C-8FF1-B1D35A3B2BAC}.Debug|Any CPU.ActiveCfg = Debug|Win32
		{39597DD5-6649-489C-8FF1-B1D35A3B2BAC}.Debug|x64.ActiveCfg = Debug|x64
		{39597DD5-6649-489C-8FF1-B1D35A3B2BAC}.Debug|x64.Build.0 = Debug|x64
		{39597DD5-6649-489C-8FF1-B1D35A3B2BAC}.Debug|x86.ActiveCfg = Debug|Win32
		{39597DD5-6649-489C-8FF1-B1D35A3B2BAC}.Debug|x86.Build.0 = Debug|Win32
		{39597DD5-6649-489C-8FF1-B1D35A3B2BAC}.Release|Any CPU.ActiveCfg = Release|Win32
		{39597DD5-6649-489C-8FF1-B1D35A3B2BAC}.Release|x64.ActiveCfg = Release|x64
		{39597DD5-6649-489C-8FF1-B1D35A3B2BAC}.Release|x64.Build.0 = Release|x64
		{39597DD5-6649-489C-8FF1-B1D35A3B2BAC}.Release|x86.ActiveCfg = Release|Win32
		{39597DD5-6649-489C-8FF1-B1D35A3B2BAC}.Release|x86.Build.0 = Release|Win32
		{1B846C2E-BBF7-4152-968F-F6F812DE9DCA}.Debug|Any CPU.ActiveCfg = Debug|Win32
		{1B846C2E-BBF7-4152-968F-F6F812DE9DCA}.Debug|x64.ActiveCfg = Debug|x64
		{1B846C2E-BBF7-4152-968F-F6F812DE9DCA}.Debug|x64.Build.0 = Debug|x64
		{1B846C2E-BBF7-4152-968F-F6F812DE9DCA}.Debug|x86.ActiveCfg = Debug|Win32
		{1B846C2E-BBF7-4152-968F-F6F812DE9DCA}.Debug|x86.Build.0 = Debug|Win32
		{1B846C2E-BBF7-4152-968F-F6F812DE9DCA}.Release|Any CPU.ActiveCfg = Release|Win32
		{1B846C2E-BBF7-4152-968F-F6F812DE9DCA}.Release|x64.ActiveCfg = Release|x64
		{1B846C2E-BBF7-4152-968F-F6F812DE9DCA}.Release|x64.Build.0 = Release|x64
		{1B846C2E-BBF7-4152-968F-F6F812DE9DCA}.Release|x86.ActiveCfg = Release|Win32
		{1B846C2E-BBF7-4152-968F-F6F812DE9DCA}.Release|x86.Build.0 = Release|Win32
		{44D7B627-7CB6-4CB3-87F7-CB4AEB05E9DC}.Debug|Any CPU.ActiveCfg = Debug|Win32
		{44D7B627-7CB6-4CB3-87F7-CB4AEB05E9DC}.Debug|x64.ActiveCfg = Debug|x64
		{44D7B627-7CB6-4CB3-87F7-CB4AEB05E9DC}.Debug|x64.Build.0 = Debug|x64
		{44D7B627-7CB6-4CB3-87F7-CB4AEB05E9DC}.Debug|x86.ActiveCfg = Debug|Win32
		{44D7B627-7CB6-4CB3-87F7-CB4AEB05E9DC}.Debug|x86.Build.0 = Debug|Win32
		{44D7B627-7CB6-4CB3-87F7-CB4AEB05E9DC}.Release|Any CPU.ActiveCfg = Release|Win32
		{44D7B627-7CB6-4CB3-87F7-CB4AEB05E9DC}.Release|x64.ActiveCfg = Release|x64
		{44D7B627-7CB6-4CB3-87F7-CB4AEB05E9DC}.Release|x64.Build.0 = Release|x64
		{44D7B627-7CB6-4CB3-87F7-CB4AEB05E9DC}.Release|x86.ActiveCfg = Release|Win32
		{44D7B627-7CB6-4CB3-87F7-CB4AEB05E9DC}.Release|x86.Build.0 = Release|Win32
		{8FD48222-B24B-420C-B53C-0F0AFBC5D295}.Debug|Any CPU.ActiveCfg = Debug|Win32
		{8FD48222-B24B-420C-B53C-0F0AFBC5D295}.Debug|x64.ActiveCfg = Debug|x64
		{8FD48222-B24B-420C-B53C-0F0AFBC5D295}.Debug|x64.Build.0 = Debug|x64
		{8FD48222-B24B-420C-B53C-0F0AFBC5D295}.Debug|x86.ActiveCfg = Debug|Win32
		{8FD48222-B24B-420C-B53C-0F0AFBC5D295}.Debug|x86.Build.0 = Debug|Win32
		{8FD48222-B24B-420C-B53C-0F0AFBC5D295}.Release|Any CPU.ActiveCfg = Release|Win32
		{8FD48222-B24B-420C-B53C-0F0AFBC5D295}.Release|x64.ActiveCfg = Release|x64
		{8FD48222-B24B-420C-B53C-0F0AFBC5D295}.Release|x64.Build.0 = Release|x64
		{8FD48222-B24B-420C-B53C-0F0AFBC5D295}.Release|x86.ActiveCfg = Release|Win32
		{8FD48222-B24B-420C-B53C-0F0AFBC5D295}.Release|x86.Build.0 = Release|Win32
		{139A4FFC-7550-4F0B-8342-49AB508EB8C3}.Debug|Any CPU.ActiveCfg = Debug|Win32
		{139A4FFC-7550-4F0B-8342-49AB508EB8C3}.Debug|x64.ActiveCfg = Debug|x64
		{139A4FFC-7550-4F0B-8342-49AB508EB8C3}.Debug|x64.Build.0 = Debug|x64
		{139A4FFC-7550-4F0B-8342-49AB508EB8C3}.Debug|x86.ActiveCfg = Debug|Win32
		{139A4FFC-7550-4F0B-8342-49AB508EB8C3}.Debug|x86.Build.0 = Debug|Win32
		{139A4FFC-7550-4F0B-8342-49AB508EB8C3}.Release|Any CPU.ActiveCfg = Release|Win32
		{139A4FFC-7550-4F0B-8342-49AB508EB8C3}.Release|x64.ActiveCfg = Release|x64
		{139A4FFC-7550-4F0B-8342-49AB508EB8C3}.Release|x64.Build.0 = Release|x64
		{139A4FFC-7550-4F0B-8342-49AB508EB8C3}.Release|x86.ActiveCfg = Release|Win32
		{139A4FFC-7550-4F0B-8342-49AB508EB8C3}.Release|x86.Build.0 = Release|Win32
		{E276AEDD-1541-46F7-9D4F-7467F1C954A7}.Debug|Any CPU.ActiveCfg = Debug|Win32
		{E276AEDD-1541-46F7-9D4F-7467F1C954A7}.Debug|x64.ActiveCfg = Debug|x64
		{E276AEDD-1541-46F7-9D4F-7467F1C954A7}.Debug|x64.Build.0 = Debug|x64
		{E276AEDD-1541-46F7-9D4F-7467F1C954A7}.Debug|x86.ActiveCfg = Debug|Win32
		{E276AEDD-1541-46F7-9D4F-7467F1C954A7}.Debug|x86.Build.0 = Debug|Win32
		{E276AEDD-1541-46F7-9D4F-7467F1C954A7}.Release|Any CPU.ActiveCfg = Release|Win32
		{E276AEDD-1541-46F7-9D4F-7467F1C954A7}.Release|x64.ActiveCfg = Release|x64
		{E276AEDD-1541-46F7-9D4F-7467F1C954A7}.Release|x64.Build.0 = Release|x64
		{E276AEDD-1541-46F7-9D4F-7467F1C954A7}.Release|x86.ActiveCfg = Release|Win32
		{E276AEDD-1541-46F7-9D4F-7467F1C954A7}.Release|x86.Build.0 = Release|Win32
		{D6DC8E38-79E1-44C3-B357-8E5E6E991753}.Debug|Any CPU.ActiveCfg = Debug|Win32
		{D6DC8E38-79E1-44C3-B357-8E5E6E991753}.Debug|x64.ActiveCfg = Debug|x64
		{D6DC8E38-79E1-44C3-B357-8E5E6E991753}.Debug|x64.Build.0 = Debug|x64
		{D6DC8E38-79E1-44C3-B357-8E5E6E991753}.Debug|x86.ActiveCfg = Debug|Win32
		{D6DC8E38-79E1-44C3-B357-8E5E6E991753}.Debug|x86.Build.0 = Debug|Win32
		{D6DC8E38-79E1-44C3-B357-8E5E6E991753}.Release|Any CPU.ActiveCfg = Release|Win32
		{D6DC8E38-79E1-44C3-B357-8E5E6E991753}.Release|x64.ActiveCfg = Release|x64
		{D6DC8E38-79E1-44C3-B357-8E5E6E991753}.Release|x64.Build.0 = Release|x64
		{D6DC8E38-79E1-44C3-B357-8E5E6E991753}.Release|x86.ActiveCfg = Release|Win32
		{D6DC8E38-79E1-44C3-B357-8E5E6E991753}.Release|x86.Build.0 = Release|Win32
		{7224F6F1-6AC6-4CF0-B2D6-6946C9CF97CC}.Debug|Any CPU.ActiveCfg = Debug|Win32
		{7224F6F1-6AC6-4CF0-B2D6-6946C9CF97CC}.Debug|x64.ActiveCfg = Debug|x64
		{7224F6F1-6AC6-4CF0-B2D6-6946C9CF97CC}.Debug|x64.Build.0 = Debug|x64
		{7224F6F1-6AC6-4CF0-B2D6-6946C9CF97CC}.Debug|x86.ActiveCfg = Debug|Win32
		{7224F6F1-6AC6-4CF0-B2D6-6946C9CF97CC}.Debug|x86.Build.0 = Debug|Win32
		{7224F6F1-6AC6-4CF0-B2D6-6946C9CF97CC}.Release|Any CPU.ActiveCfg = Release|Win32
		{7224F6F1-6AC6-4CF0-B2D6-6946C9CF97CC}.Release|x64.ActiveCfg = Release|x64
		{7224F6F1-6AC6-4CF0-B2D6-6946C9CF97CC}.Release|x64.Build.0 = Release|x64
		{7224F6F1-6AC6-4CF0-B2D6-6946C9CF97CC}.Release|x86.ActiveCfg = Release|Win32
		{7224F6F1-6AC6-4CF0-B2D6-6946C9CF97CC}.Release|x86.Build.0 = Release|Win32
		{2750274A-75CD-4E49-9221-D3E6E0C8542E}.Debug|Any CPU.ActiveCfg = Debug|Win32
		{2750274A-75CD-4E49-9221-D3E6E0C8542E}.Debug|x64.ActiveCfg = Debug|x64
		{2750274A-75CD-4E49-9221-D3E6E0C8542E}.Debug|x64.Build.0 = Debug|x64
		{2750274A-75CD-4E49-9221-D3E6E0C8542E}.Debug|x86.ActiveCfg = Debug|Win32
		{2750274A-75CD-4E49-9221-D3E6E0C8542E}.Debug|x86.Build.0 = Debug|Win32
		{2750274A-75CD-4E49-9221-D3E6E0C8542E}.Release|Any CPU.ActiveCfg = Release|Win32
		{2750274A-75CD-4E49-9221-D3E6E0C8542E}.Release|x64.ActiveCfg = Release|x64
		{2750274A-75CD-4E49-9221-D3E6E0C8542E}.Release|x64.Build.0 = Release|x64
		{2750274A-75CD-4E49-9221-D3E6E0C8542E}.Release|x86.ActiveCfg = Release|Win32
		{2750274A-75CD-4E49-9221-D3E6E0C8542E}.Release|x86.Build.0 = Release|Win32
		{88F16DEA-6DD0-49C6-B838-BEC3EF934564}.Debug|Any CPU.ActiveCfg = Debug|Win32
		{88F16DEA-6DD0-49C6-B838-BEC3EF934564}.Debug|x64.ActiveCfg = Debug|x64
		{88F16DEA-6DD0-49C6-B838-BEC3EF934564}.Debug|x64.Build.0 = Debug|x64
		{88F16DEA-6DD0-49C6-B838-BEC3EF934564}.Debug|x86.ActiveCfg = Debug|Win32
		{88F16DEA-6DD0-49C6-B838-BEC3EF934564}.Debug|x86.Build.0 = Debug|Win32
		{88F16DEA-6DD0-49C6-B838-BEC3EF934564}.Release|Any CPU.ActiveCfg = Release|Win32
		{88F16DEA-6DD0-49C6-B838-BEC3EF934564}.Release|x64.ActiveCfg = Release|x64
		{88F16DEA-6DD0-49C6-B838-BEC3EF934564}.Release|x64.Build.0 = Release|x64
		{88F16DEA-6DD0-49C6-B838-BEC3EF934564}.Release|x86.ActiveCfg = Release|Win32
		{88F16DEA-6DD0-49C6-B838-BEC3EF934564}.Release|x86.Build.0 = Release|Win32
		{0F14D185-AA35-41B4-A1F6-1A01F75D625C}.Debug|Any CPU.ActiveCfg = Debug|Win32
		{0F14D185-AA35-41B4-A1F6-1A01F75D625C}.Debug|x64.ActiveCfg = Debug|x64
		{0F14D185-AA35-41B4-A1F6-1A01F75D625C}.Debug|x64.Build.0 = Debug|x64
		{0F14D185-AA35-41B4-A1F6-1A01F75D625C}.Debug|x86.ActiveCfg = Debug|Win32
		{0F14D185-AA35-41B4-A1F6-1A01F75D625C}.Debug|x86.Build.0 = Debug|Win32
		{0F14D185-AA35-41B4-A1F6-1A01F75D625C}.Release|Any CPU.ActiveCfg = Release|Win32
		{0F14D185-AA35-41B4-A1F6-1A01F75D625C}.Release|x64.ActiveCfg = Release|x64
		{0F14D185-AA35-41B4-A1F6-1A01F75D625C}.Release|x64.Build.0 = Release|x64
		{0F14D185-AA35-41B4-A1F6-1A01F75D625C}.Release|x86.ActiveCfg = Release|Win32
		{0F14D185-AA35-41B4-A1F6-1A01F75D625C}.Release|x86.Build.0 = Release|Win32
		{EACBA9FC-639E-45B6-B348-5DD945094EB8}.Debug|Any CPU.ActiveCfg = Debug|Win32
		{EACBA9FC-639E-45B6-B348-5DD945094EB8}.Debug|x64.ActiveCfg = Debug|x64
		{EACBA9FC-639E-45B6-B348-5DD945094EB8}.Debug|x64.Build.0 = Debug|x64
		{EACBA9FC-639E-45B6-B348-5DD945094EB8}.Debug|x86.ActiveCfg = Debug|Win32
		{EACBA9FC-639E-45B6-B348-5DD945094EB8}.Debug|x86.Build.0 = Debug|Win32
		{EACBA9FC-639E-45B6-B348-5DD945094EB8}.Release|Any CPU.ActiveCfg = Release|Win32
		{EACBA9FC-639E-45B6-B348-5DD945094EB8}.Release|x64.ActiveCfg = Release|x64
		{EACBA9FC-639E-45B6-B348-5DD945094EB8}.Release|x64.Build.0 = Release|x64
		{EACBA9FC-639E-45B6-B348-5DD945094EB8}.Release|x86.ActiveCfg = Release|Win32
		{EACBA9FC-639E-45B6-B348-5DD945094EB8}.Release|x86.Build.0 = Release|Win32
		{30DC00C8-7B13-434E-B0A2-6664E7ECCFA2}.Debug|Any CPU.ActiveCfg = Debug|Win32
		{30DC00C8-7B13-434E-B0A2-6664E7ECCFA2}.Debug|x64.ActiveCfg = Debug|x64
		{30DC00C8-7B13-434E-B0A2-6664E7ECCFA2}.Debug|x64.Build.0 = Debug|x64
		{30DC00C8-7B13-434E-B0A2-6664E7ECCFA2}.Debug|x86.ActiveCfg = Debug|Win32
		{30DC00C8-7B13-434E-B0A2-6664E7ECCFA2}.Debug|x86.Build.0 = Debug|Win32
		{30DC00C8-7B13-434E-B0A2-6664E7ECCFA2}.Release|Any CPU.ActiveCfg = Release|Win32
		{30DC00C8-7B13-434E-B0A2-6664E7ECCFA2}.Release|x64.ActiveCfg = Release|x64
		{30DC00C8-7B13-434E-B0A2-6664E7ECCFA2}.Release|x64.Build.0 = Release|x64
		{30DC00C8-7B13-434E-B0A2-6664E7ECCFA2}.Release|x86.ActiveCfg = Release|Win32
		{30DC00C8-7B13-434E-B0A2-6664E7ECCFA2}.Release|x86.Build.0 = Release|Win32
		{F39B0813-C3FD-4ED3-9A38-6C9A66A1EC3D}.Debug|Any CPU.ActiveCfg = Debug|Win32
		{F39B0813-C3FD-4ED3-9A38-6C9A66A1EC3D}.Debug|x64.ActiveCfg = Debug|x64
		{F39B0813-C3FD-4ED3-9A38-6C9A66A1EC3D}.Debug|x64.Build.0 = Debug|x64
		{F39B0813-C3FD-4ED3-9A38-6C9A66A1EC3D}.Debug|x86.ActiveCfg = Debug|Win32
		{F39B0813-C3FD-4ED3-9A38-6C9A66A1EC3D}.Debug|x86.Build.0 = Debug|Win32
		{F39B0813-C3FD-4ED3-9A38-6C9A66A1EC3D}.Release|Any CPU.ActiveCfg = Release|Win32
		{F39B0813-C3FD-4ED3-9A38-6C9A66A1EC3D}.Release|x64.ActiveCfg = Release|x64
		{F39B0813-C3FD-4ED3-9A38-6C9A66A1EC3D}.Release|x64.Build.0 = Release|x64
		{F39B0813-C3FD-4ED3-9A38-6C9A66A1EC3D}.Release|x86.ActiveCfg = Release|Win32
		{F39B0813-C3FD-4ED3-9A38-6C9A66A1EC3D}.Release|x86.Build.0 = Release|Win32
		{382C34E3-E83E-45EB-9AC2-5AC7BA6B53E0}.Debug|Any CPU.ActiveCfg = Debug|Win32
		{382C34E3-E83E-45EB-9AC2-5AC7BA6B53E0}.Debug|x64.ActiveCfg = Debug|x64
		{382C34E3-E83E-45EB-9AC2-5AC7BA6B53E0}.Debug|x64.Build.0 = Debug|x64
		{382C34E3-E83E-45EB-9AC2-5AC7BA6B53E0}.Debug|x86.ActiveCfg = Debug|Win32
		{382C34E3-E83E-45EB-9AC2-5AC7BA6B53E0}.Debug|x86.Build.0 = Debug|Win32
		{382C34E3-E83E-45EB-9AC2-5AC7BA6B53E0}.Release|Any CPU.ActiveCfg = Release|Win32
		{382C34E3-E83E-45EB-9AC2-5AC7BA6B53E0}.Release|x64.ActiveCfg = Release|x64
		{382C34E3-E83E-45EB-9AC2-5AC7BA6B53E0}.Release|x64.Build.0 = Release|x64
		{382C34E3-E83E-45EB-9AC2-5AC7BA6B53E0}.Release|x86.ActiveCfg = Release|Win32
		{382C34E3-E83E-45EB-9AC2-5AC7BA6B53E0}.Release|x86.Build.0 = Release|Win32
		{2913990F-F7B8-49A5-AF59-57356B8CB153}.Debug|Any CPU.ActiveCfg = Debug|Win32
		{2913990F-F7B8-49A5-AF59-57356B8CB153}.Debug|x64.ActiveCfg = Debug|x64
		{2913990F-F7B8-49A5-AF59-57356B8CB153}.Debug|x64.Build.0 = Debug|x64
		{2913990F-F7B8-49A5-AF59-57356B8CB153}.Debug|x86.ActiveCfg = Debug|Win32
		{2913990F-F7B8-49A5-AF59-57356B8CB153}.Debug|x86.Build.0 = Debug|Win32
		{2913990F-F7B8-49A5-AF59-57356B8CB153}.Release|Any CPU.ActiveCfg = Release|Win32
		{2913990F-F7B8-49A5-AF59-57356B8CB153}.Release|x64.ActiveCfg = Release|x64
		{2913990F-F7B8-49A5-AF59-57356B8CB153}.Release|x64.Build.0 = Release|x64
		{2913990F-F7B8-49A5-AF59-57356B8CB153}.Release|x86.ActiveCfg = Release|Win32
		{2913990F-F7B8-49A5-AF59-57356B8CB153}.Release|x86.Build.0 = Release|Win32
		{DD25C524-25FC-45C8-80EB-95670FDBF4A5}.Debug|Any CPU.ActiveCfg = Debug|Win32
		{DD25C524-25FC-45C8-80EB-95670FDBF4A5}.Debug|x64.ActiveCfg = Debug|x64
		{DD25C524-25FC-45C8-80EB-95670FDBF4A5}.Debug|x64.Build.0 = Debug|x64
		{DD25C524-25FC-45C8-80EB-95670FDBF4A5}.Debug|x86.ActiveCfg = Debug|Win32
		{DD25C524-25FC-45C8-80EB-95670FDBF4A5}.Debug|x86.Build.0 = Debug|Win32
		{DD25C524-25FC-45C8-80EB-95670FDBF4A5}.Release|Any CPU.ActiveCfg = Release|Win32
		{DD25C524-25FC-45C8-80EB-95670FDBF4A5}.Release|x64.ActiveCfg = Release|x64
		{DD25C524-25FC-45C8-80EB-95670FDBF4A5}.Release|x64.Build.0 = Release|x64
		{DD25C524-25FC-45C8-80EB-95670FDBF4A5}.Release|x86.ActiveCfg = Release|Win32
		{DD25C524-25FC-45C8-80EB-95670FDBF4A5}.Release|x86.Build.0 = Release|Win32
		{FF6F3749-3BFF-4487-96C8-3612B41BA3ED}.Debug|Any CPU.ActiveCfg = Debug|Win32
		{FF6F3749-3BFF-4487-96C8-3612B41BA3ED}.Debug|x64.ActiveCfg = Debug|x64
		{FF6F3749-3BFF-4487-96C8-3612B41BA3ED}.Debug|x64.Build.0 = Debug|x64
		{FF6F3749-3BFF-4487-96C8-3612B41BA3ED}.Debug|x86.ActiveCfg = Debug|Win32
		{FF6F3749-3BFF-4487-96C8-3612B41BA3ED}.Debug|x86.Build.0 = Debug|Win32
		{FF6F3749-3BFF-4487-96C8-3612B41BA3ED}.Release|Any CPU.ActiveCfg = Release|Win32
		{FF6F3749-3BFF-4487-96C8-3612B41BA3ED}.Release|x64.ActiveCfg = Release|x64
		{FF6F3749-3BFF-4487-96C8-3612B41BA3ED}.Release|x64.Build.0 = Release|x64
		{FF6F3749-3BFF-4487-96C8-3612B41BA3ED}.Release|x86.ActiveCfg = Release|Win32
		{FF6F3749-3BFF-4487-96C8-3612B41BA3ED}.Release|x86.Build.0 = Release|Win32
		{BEC25793-F261-4CB1-B37D-598A6C5DFC24}.Debug|Any CPU.ActiveCfg = Debug|Win32
		{BEC25793-F261-4CB1-B37D-598A6C5DFC24}.Debug|x64.ActiveCfg = Debug|x64
		{BEC25793-F261-4CB1-B37D-598A6C5DFC24}.Debug|x64.Build.0 = Debug|x64
		{BEC25793-F261-4CB1-B37D-598A6C5DFC24}.Debug|x86.ActiveCfg = Debug|Win32
		{BEC25793-F261-4CB1-B37D-598A6C5DFC24}.Debug|x86.Build.0 = Debug|Win32
		{BEC25793-F261-4CB1-B37D-598A6C5DFC24}.Release|Any CPU.ActiveCfg = Release|Win32
		{BEC25793-F261-4CB1-B37D-598A6C5DFC24}.Release|x64.ActiveCfg = Release|x64
		{BEC25793-F261-4CB1-B37D-598A6C5DFC24}.Release|x64.Build.0 = Release|x64
		{BEC25793-F261-4CB1-B37D-598A6C5DFC24}.Release|x86.ActiveCfg = Release|Win32
		{BEC25793-F261-4CB1-B37D-598A6C5DFC24}.Release|x86.Build.0 = Release|Win32
		{385A80E8-2181-488D-877B-F073F40E70FC}.Debug|Any CPU.ActiveCfg = Debug|Win32
		{385A80E8-2181-488D-877B-F073F40E70FC}.Debug|x64.ActiveCfg = Debug|x64
		{385A80E8-2181-488D-877B-F073F40E70FC}.Debug|x64.Build.0 = Debug|x64
		{385A80E8-2181-488D-877B-F073F40E70FC}.Debug|x86.ActiveCfg = Debug|Win32
		{385A80E8-2181-488D-877B-F073F40E70FC}.Debug|x86.Build.0 = Debug|Win32
		{385A80E8-2181-488D-877B-F073F40E70FC}.Release|Any CPU.ActiveCfg = Release|Win32
		{385A80E8-2181-488D-877B-F073F40E70FC}.Release|x64.ActiveCfg = Release|x64
		{385A80E8-2181-488D-877B-F073F40E70FC}.Release|x64.Build.0 = Release|x64
		{385A80E8-2181-488D-877B-F073F40E70FC}.Release|x86.ActiveCfg = Release|Win32
		{385A80E8-2181-488D-877B-F073F40E70FC}.Release|x86.Build.0 = Release|Win32
		{ECB526DE-95EB-4854-8C0D-892D02C242FE}.Debug|Any CPU.ActiveCfg = Debug|Win32
		{ECB526DE-95EB-4854-8C0D-892D02C242FE}.Debug|x64.ActiveCfg = Debug|x64
		{ECB526DE-95EB-4854-8C0D-892D02C242FE}.Debug|x64.Build.0 = Debug|x64
		{ECB526DE-95EB-4854-8C0D-892D02C242FE}.Debug|x86.ActiveCfg = Debug|Win32
		{ECB526DE-95EB-4854-8C0D-892D02C242FE}.Debug|x86.Build.0 = Debug|Win32
		{ECB526DE-95EB-4854-8C0D-892D02C242FE}.Release|Any CPU.ActiveCfg = Release|Win32
		{ECB526DE-95EB-4854-8C0D-892D02C242FE}.Release|x64.ActiveCfg = Release|x64
		{ECB526DE-95EB-4854-8C0D-892D02C242FE}.Release|x64.Build.0 = Release|x64
		{ECB526DE-95EB-4854-8C0D-892D02C242FE}.Release|x86.ActiveCfg = Release|Win32
		{ECB526DE-95EB-4854-8C0D-892D02C242FE}.Release|x86.Build.0 = Release|Win32
		{8DDD0D49-48B7-41D8-B34D-7EEB1BEF8643}.Debug|Any CPU.ActiveCfg = Debug|Win32
		{8DDD0D49-48B7-41D8-B34D-7EEB1BEF8643}.Debug|x64.ActiveCfg = Debug|x64
		{8DDD0D49-48B7-41D8-B34D-7EEB1BEF8643}.Debug|x64.Build.0 = Debug|x64
		{8DDD0D49-48B7-41D8-B34D-7EEB1BEF8643}.Debug|x86.ActiveCfg = Debug|Win32
		{8DDD0D49-48B7-41D8-B34D-7EEB1BEF8643}.Debug|x86.Build.0 = Debug|Win32
		{8DDD0D49-48B7-41D8-B34D-7EEB1BEF8643}.Release|Any CPU.ActiveCfg = Release|Win32
		{8DDD0D49-48B7-41D8-B34D-7EEB1BEF8643}.Release|x64.ActiveCfg = Release|x64
		{8DDD0D49-48B7-41D8-B34D-7EEB1BEF8643}.Release|x64.Build.0 = Release|x64
		{8DDD0D49-48B7-41D8-B34D-7EEB1BEF8643}.Release|x86.ActiveCfg = Release|Win32
		{8DDD0D49-48B7-41D8-B34D-7EEB1BEF8643}.Release|x86.Build.0 = Release|Win32
		{A056AA1B-2C2B-4740-BE73-3B5A410F510E}.Debug|Any CPU.ActiveCfg = Debug|Win32
		{A056AA1B-2C2B-4740-BE73-3B5A410F510E}.Debug|x64.ActiveCfg = Debug|x64
		{A056AA1B-2C2B-4740-BE73-3B5A410F510E}.Debug|x64.Build.0 = Debug|x64
		{A056AA1B-2C2B-4740-BE73-3B5A410F510E}.Debug|x86.ActiveCfg = Debug|Win32
		{A056AA1B-2C2B-4740-BE73-3B5A410F510E}.Debug|x86.Build.0 = Debug|Win32
		{A056AA1B-2C2B-4740-BE73-3B5A410F510E}.Release|Any CPU.ActiveCfg = Release|Win32
		{A056AA1B-2C2B-4740-BE73-3B5A410F510E}.Release|x64.ActiveCfg = Release|x64
		{A056AA1B-2C2B-4740-BE73-3B5A410F510E}.Release|x64.Build.0 = Release|x64
		{A056AA1B-2C2B-4740-BE73-3B5A410F510E}.Release|x86.ActiveCfg = Release|Win32
		{A056AA1B-2C2B-4740-BE73-3B5A410F510E}.Release|x86.Build.0 = Release|Win32
	EndGlobalSection
	GlobalSection(SolutionProperties) = preSolution
		HideSolutionNode = FALSE
	EndGlobalSection
	GlobalSection(ExtensibilityGlobals) = postSolution
		SolutionGuid = {D4A1DD2B-425A-4CBE-88F0-2590F13B2476}
	EndGlobalSection
EndGlobal
