
Microsoft Visual Studio Solution File, Format Version 12.00
# Visual Studio Version 17
VisualStudioVersion = 17.14.36408.4 d17.14
MinimumVisualStudioVersion = 10.0.40219.1
Project("{FAE04EC0-301F-11D3-BF4B-00C04F79EFBC}") = "CH3_ConstructsPart1", "ProCSharp10\CH3_ConstructsPart1.csproj", "{3638B736-8506-4CFF-9DA8-841784F3B191}"
EndProject
Global
	GlobalSection(SolutionConfigurationPlatforms) = preSolution
		Debug|Any CPU = Debug|Any CPU
		Release|Any CPU = Release|Any CPU
	EndGlobalSection
	GlobalSection(ProjectConfigurationPlatforms) = postSolution
		{3638B736-8506-4CFF-9DA8-841784F3B191}.Debug|Any CPU.ActiveCfg = Debug|Any CPU
		{3638B736-8506-4CFF-9DA8-841784F3B191}.Debug|Any CPU.Build.0 = Debug|Any CPU
		{3638B736-8506-4CFF-9DA8-841784F3B191}.Release|Any CPU.ActiveCfg = Release|Any CPU
		{3638B736-8506-4CFF-9DA8-841784F3B191}.Release|Any CPU.Build.0 = Release|Any CPU
	EndGlobalSection
	GlobalSection(SolutionProperties) = preSolution
		HideSolutionNode = FALSE
	EndGlobalSection
	GlobalSection(ExtensibilityGlobals) = postSolution
		SolutionGuid = {C9A7DF4B-35AB-4338-AD36-25829888CDAA}
	EndGlobalSection
EndGlobal
