
Microsoft Visual Studio Solution File, Format Version 12.00
# Visual Studio 15
VisualStudioVersion = 15.0.26430.6
MinimumVisualStudioVersion = 10.0.40219.1
Project("{8BC9CEB8-8B4A-11D0-8D11-00A0C91BC942}") = "CPlus", "CPlus\CPlus.vcxproj", "{1C0CEF8F-6AFD-4795-8A5B-5D9CB3B964E7}"
EndProject
Project("{8BC9CEB8-8B4A-11D0-8D11-00A0C91BC942}") = "習題", "習題.cpp\習題.cpp.vcxproj", "{22286A1B-FAF2-44E2-87D7-6E41FDF97626}"
EndProject
Project("{8BC9CEB8-8B4A-11D0-8D11-00A0C91BC942}") = "vector and iterator", "vector and iterator\vector and iterator.vcxproj", "{64BE421C-BC28-48F4-ABCF-A7693A3E1A09}"
EndProject
Project("{8BC9CEB8-8B4A-11D0-8D11-00A0C91BC942}") = "輸入輸出與錯誤處理", "輸入輸出與錯誤處理\輸入輸出與錯誤處理.vcxproj", "{88B2B2E7-2EB7-425F-A1DA-22A5740C7D9E}"
EndProject
Project("{8BC9CEB8-8B4A-11D0-8D11-00A0C91BC942}") = "IO輸入輸出stream", "IO輸入輸出stream\IO輸入輸出stream.vcxproj", "{D2B48C97-7EEF-429F-A1FB-4497E9959A74}"
EndProject
Project("{8BC9CEB8-8B4A-11D0-8D11-00A0C91BC942}") = "循序式容器", "循序式容器\循序式容器.vcxproj", "{B4D853D0-C10F-4129-94DD-48640D032513}"
EndProject
Project("{8BC9CEB8-8B4A-11D0-8D11-00A0C91BC942}") = "關聯式容器", "關聯式容器\關聯式容器.vcxproj", "{15436890-4C84-4930-BDC3-F9689A44DDA1}"
EndProject
Project("{8BC9CEB8-8B4A-11D0-8D11-00A0C91BC942}") = "演算法", "演算法\演算法.vcxproj", "{79A679B3-7861-46D9-AE55-502062035893}"
EndProject
Project("{8BC9CEB8-8B4A-11D0-8D11-00A0C91BC942}") = "L12.Class定義與宣告", "Class定義與宣告\Class定義與宣告.vcxproj", "{5AA3239C-14DD-4955-BB55-9CE9F0B30A53}"
EndProject
Project("{8BC9CEB8-8B4A-11D0-8D11-00A0C91BC942}") = "TEST", "TEST\TEST.vcxproj", "{99E250ED-6D0A-46D2-87B1-3CB5F06625A7}"
EndProject
Project("{8BC9CEB8-8B4A-11D0-8D11-00A0C91BC942}") = "L13.拷貝控制項", "copy and a assignment 複製與賦值\copy and a assignment 複製與賦值.vcxproj", "{39CDAF60-7454-424B-871B-D786142B46CA}"
EndProject
Project("{8BC9CEB8-8B4A-11D0-8D11-00A0C91BC942}") = "L14重載運算和轉換", "L14重載運算和轉換\L14重載運算和轉換.vcxproj", "{CF4005D0-B0D4-4827-BC53-0494FC4D5FB7}"
EndProject
Global
	GlobalSection(SolutionConfigurationPlatforms) = preSolution
		Debug|x64 = Debug|x64
		Debug|x86 = Debug|x86
		Release|x64 = Release|x64
		Release|x86 = Release|x86
	EndGlobalSection
	GlobalSection(ProjectConfigurationPlatforms) = postSolution
		{1C0CEF8F-6AFD-4795-8A5B-5D9CB3B964E7}.Debug|x64.ActiveCfg = Debug|x64
		{1C0CEF8F-6AFD-4795-8A5B-5D9CB3B964E7}.Debug|x64.Build.0 = Debug|x64
		{1C0CEF8F-6AFD-4795-8A5B-5D9CB3B964E7}.Debug|x86.ActiveCfg = Debug|Win32
		{1C0CEF8F-6AFD-4795-8A5B-5D9CB3B964E7}.Debug|x86.Build.0 = Debug|Win32
		{1C0CEF8F-6AFD-4795-8A5B-5D9CB3B964E7}.Release|x64.ActiveCfg = Release|x64
		{1C0CEF8F-6AFD-4795-8A5B-5D9CB3B964E7}.Release|x64.Build.0 = Release|x64
		{1C0CEF8F-6AFD-4795-8A5B-5D9CB3B964E7}.Release|x86.ActiveCfg = Release|Win32
		{1C0CEF8F-6AFD-4795-8A5B-5D9CB3B964E7}.Release|x86.Build.0 = Release|Win32
		{22286A1B-FAF2-44E2-87D7-6E41FDF97626}.Debug|x64.ActiveCfg = Debug|x64
		{22286A1B-FAF2-44E2-87D7-6E41FDF97626}.Debug|x64.Build.0 = Debug|x64
		{22286A1B-FAF2-44E2-87D7-6E41FDF97626}.Debug|x86.ActiveCfg = Debug|Win32
		{22286A1B-FAF2-44E2-87D7-6E41FDF97626}.Debug|x86.Build.0 = Debug|Win32
		{22286A1B-FAF2-44E2-87D7-6E41FDF97626}.Release|x64.ActiveCfg = Release|x64
		{22286A1B-FAF2-44E2-87D7-6E41FDF97626}.Release|x64.Build.0 = Release|x64
		{22286A1B-FAF2-44E2-87D7-6E41FDF97626}.Release|x86.ActiveCfg = Release|Win32
		{22286A1B-FAF2-44E2-87D7-6E41FDF97626}.Release|x86.Build.0 = Release|Win32
		{64BE421C-BC28-48F4-ABCF-A7693A3E1A09}.Debug|x64.ActiveCfg = Debug|x64
		{64BE421C-BC28-48F4-ABCF-A7693A3E1A09}.Debug|x64.Build.0 = Debug|x64
		{64BE421C-BC28-48F4-ABCF-A7693A3E1A09}.Debug|x86.ActiveCfg = Debug|Win32
		{64BE421C-BC28-48F4-ABCF-A7693A3E1A09}.Debug|x86.Build.0 = Debug|Win32
		{64BE421C-BC28-48F4-ABCF-A7693A3E1A09}.Release|x64.ActiveCfg = Release|x64
		{64BE421C-BC28-48F4-ABCF-A7693A3E1A09}.Release|x64.Build.0 = Release|x64
		{64BE421C-BC28-48F4-ABCF-A7693A3E1A09}.Release|x86.ActiveCfg = Release|Win32
		{64BE421C-BC28-48F4-ABCF-A7693A3E1A09}.Release|x86.Build.0 = Release|Win32
		{88B2B2E7-2EB7-425F-A1DA-22A5740C7D9E}.Debug|x64.ActiveCfg = Debug|x64
		{88B2B2E7-2EB7-425F-A1DA-22A5740C7D9E}.Debug|x64.Build.0 = Debug|x64
		{88B2B2E7-2EB7-425F-A1DA-22A5740C7D9E}.Debug|x86.ActiveCfg = Debug|Win32
		{88B2B2E7-2EB7-425F-A1DA-22A5740C7D9E}.Debug|x86.Build.0 = Debug|Win32
		{88B2B2E7-2EB7-425F-A1DA-22A5740C7D9E}.Release|x64.ActiveCfg = Release|x64
		{88B2B2E7-2EB7-425F-A1DA-22A5740C7D9E}.Release|x64.Build.0 = Release|x64
		{88B2B2E7-2EB7-425F-A1DA-22A5740C7D9E}.Release|x86.ActiveCfg = Release|Win32
		{88B2B2E7-2EB7-425F-A1DA-22A5740C7D9E}.Release|x86.Build.0 = Release|Win32
		{D2B48C97-7EEF-429F-A1FB-4497E9959A74}.Debug|x64.ActiveCfg = Debug|x64
		{D2B48C97-7EEF-429F-A1FB-4497E9959A74}.Debug|x64.Build.0 = Debug|x64
		{D2B48C97-7EEF-429F-A1FB-4497E9959A74}.Debug|x86.ActiveCfg = Debug|Win32
		{D2B48C97-7EEF-429F-A1FB-4497E9959A74}.Debug|x86.Build.0 = Debug|Win32
		{D2B48C97-7EEF-429F-A1FB-4497E9959A74}.Release|x64.ActiveCfg = Release|x64
		{D2B48C97-7EEF-429F-A1FB-4497E9959A74}.Release|x64.Build.0 = Release|x64
		{D2B48C97-7EEF-429F-A1FB-4497E9959A74}.Release|x86.ActiveCfg = Release|Win32
		{D2B48C97-7EEF-429F-A1FB-4497E9959A74}.Release|x86.Build.0 = Release|Win32
		{B4D853D0-C10F-4129-94DD-48640D032513}.Debug|x64.ActiveCfg = Debug|x64
		{B4D853D0-C10F-4129-94DD-48640D032513}.Debug|x64.Build.0 = Debug|x64
		{B4D853D0-C10F-4129-94DD-48640D032513}.Debug|x86.ActiveCfg = Debug|Win32
		{B4D853D0-C10F-4129-94DD-48640D032513}.Debug|x86.Build.0 = Debug|Win32
		{B4D853D0-C10F-4129-94DD-48640D032513}.Release|x64.ActiveCfg = Release|x64
		{B4D853D0-C10F-4129-94DD-48640D032513}.Release|x64.Build.0 = Release|x64
		{B4D853D0-C10F-4129-94DD-48640D032513}.Release|x86.ActiveCfg = Release|Win32
		{B4D853D0-C10F-4129-94DD-48640D032513}.Release|x86.Build.0 = Release|Win32
		{15436890-4C84-4930-BDC3-F9689A44DDA1}.Debug|x64.ActiveCfg = Debug|x64
		{15436890-4C84-4930-BDC3-F9689A44DDA1}.Debug|x64.Build.0 = Debug|x64
		{15436890-4C84-4930-BDC3-F9689A44DDA1}.Debug|x86.ActiveCfg = Debug|Win32
		{15436890-4C84-4930-BDC3-F9689A44DDA1}.Debug|x86.Build.0 = Debug|Win32
		{15436890-4C84-4930-BDC3-F9689A44DDA1}.Release|x64.ActiveCfg = Release|x64
		{15436890-4C84-4930-BDC3-F9689A44DDA1}.Release|x64.Build.0 = Release|x64
		{15436890-4C84-4930-BDC3-F9689A44DDA1}.Release|x86.ActiveCfg = Release|Win32
		{15436890-4C84-4930-BDC3-F9689A44DDA1}.Release|x86.Build.0 = Release|Win32
		{79A679B3-7861-46D9-AE55-502062035893}.Debug|x64.ActiveCfg = Debug|x64
		{79A679B3-7861-46D9-AE55-502062035893}.Debug|x64.Build.0 = Debug|x64
		{79A679B3-7861-46D9-AE55-502062035893}.Debug|x86.ActiveCfg = Debug|Win32
		{79A679B3-7861-46D9-AE55-502062035893}.Debug|x86.Build.0 = Debug|Win32
		{79A679B3-7861-46D9-AE55-502062035893}.Release|x64.ActiveCfg = Release|x64
		{79A679B3-7861-46D9-AE55-502062035893}.Release|x64.Build.0 = Release|x64
		{79A679B3-7861-46D9-AE55-502062035893}.Release|x86.ActiveCfg = Release|Win32
		{79A679B3-7861-46D9-AE55-502062035893}.Release|x86.Build.0 = Release|Win32
		{5AA3239C-14DD-4955-BB55-9CE9F0B30A53}.Debug|x64.ActiveCfg = Debug|x64
		{5AA3239C-14DD-4955-BB55-9CE9F0B30A53}.Debug|x64.Build.0 = Debug|x64
		{5AA3239C-14DD-4955-BB55-9CE9F0B30A53}.Debug|x86.ActiveCfg = Debug|Win32
		{5AA3239C-14DD-4955-BB55-9CE9F0B30A53}.Debug|x86.Build.0 = Debug|Win32
		{5AA3239C-14DD-4955-BB55-9CE9F0B30A53}.Release|x64.ActiveCfg = Release|x64
		{5AA3239C-14DD-4955-BB55-9CE9F0B30A53}.Release|x64.Build.0 = Release|x64
		{5AA3239C-14DD-4955-BB55-9CE9F0B30A53}.Release|x86.ActiveCfg = Release|Win32
		{5AA3239C-14DD-4955-BB55-9CE9F0B30A53}.Release|x86.Build.0 = Release|Win32
		{99E250ED-6D0A-46D2-87B1-3CB5F06625A7}.Debug|x64.ActiveCfg = Debug|x64
		{99E250ED-6D0A-46D2-87B1-3CB5F06625A7}.Debug|x64.Build.0 = Debug|x64
		{99E250ED-6D0A-46D2-87B1-3CB5F06625A7}.Debug|x86.ActiveCfg = Debug|Win32
		{99E250ED-6D0A-46D2-87B1-3CB5F06625A7}.Debug|x86.Build.0 = Debug|Win32
		{99E250ED-6D0A-46D2-87B1-3CB5F06625A7}.Release|x64.ActiveCfg = Release|x64
		{99E250ED-6D0A-46D2-87B1-3CB5F06625A7}.Release|x64.Build.0 = Release|x64
		{99E250ED-6D0A-46D2-87B1-3CB5F06625A7}.Release|x86.ActiveCfg = Release|Win32
		{99E250ED-6D0A-46D2-87B1-3CB5F06625A7}.Release|x86.Build.0 = Release|Win32
		{39CDAF60-7454-424B-871B-D786142B46CA}.Debug|x64.ActiveCfg = Debug|x64
		{39CDAF60-7454-424B-871B-D786142B46CA}.Debug|x64.Build.0 = Debug|x64
		{39CDAF60-7454-424B-871B-D786142B46CA}.Debug|x86.ActiveCfg = Debug|Win32
		{39CDAF60-7454-424B-871B-D786142B46CA}.Debug|x86.Build.0 = Debug|Win32
		{39CDAF60-7454-424B-871B-D786142B46CA}.Release|x64.ActiveCfg = Release|x64
		{39CDAF60-7454-424B-871B-D786142B46CA}.Release|x64.Build.0 = Release|x64
		{39CDAF60-7454-424B-871B-D786142B46CA}.Release|x86.ActiveCfg = Release|Win32
		{39CDAF60-7454-424B-871B-D786142B46CA}.Release|x86.Build.0 = Release|Win32
		{CF4005D0-B0D4-4827-BC53-0494FC4D5FB7}.Debug|x64.ActiveCfg = Debug|x64
		{CF4005D0-B0D4-4827-BC53-0494FC4D5FB7}.Debug|x64.Build.0 = Debug|x64
		{CF4005D0-B0D4-4827-BC53-0494FC4D5FB7}.Debug|x86.ActiveCfg = Debug|Win32
		{CF4005D0-B0D4-4827-BC53-0494FC4D5FB7}.Debug|x86.Build.0 = Debug|Win32
		{CF4005D0-B0D4-4827-BC53-0494FC4D5FB7}.Release|x64.ActiveCfg = Release|x64
		{CF4005D0-B0D4-4827-BC53-0494FC4D5FB7}.Release|x64.Build.0 = Release|x64
		{CF4005D0-B0D4-4827-BC53-0494FC4D5FB7}.Release|x86.ActiveCfg = Release|Win32
		{CF4005D0-B0D4-4827-BC53-0494FC4D5FB7}.Release|x86.Build.0 = Release|Win32
	EndGlobalSection
	GlobalSection(SolutionProperties) = preSolution
		HideSolutionNode = FALSE
	EndGlobalSection
	GlobalSection(Performance) = preSolution
		HasPerformanceSessions = true
	EndGlobalSection
EndGlobal
